PODS:
  - Adjust (5.8.0):
    - Adjust/Adjust (= 5.8.0)
  - Adjust/Adjust (5.8.0):
    - AdjustSignature (= 5.0.0)
  - AdjustSignature (5.0.0)
  - Capacitor (5.6.0):
    - CapacitorCordova
  - CapacitorApp (5.0.6):
    - Capacitor
  - CapacitorCordova (5.6.0)
  - CapacitorHaptics (5.0.6):
    - Capacitor
  - CapacitorKeyboard (5.0.7):
    - Capacitor
  - CapacitorStatusBar (5.0.6):
    - Capacitor
  - CordovaPlugins (5.6.0):
    - Adjust (= 5.8.0)
    - CapacitorCordova

DEPENDENCIES:
  - Adjust (from `../../../ext/ios/sdk`)
  - "Capacitor (from `../../node_modules/@capacitor/ios`)"
  - "CapacitorApp (from `../../node_modules/@capacitor/app`)"
  - "CapacitorCordova (from `../../node_modules/@capacitor/ios`)"
  - "CapacitorHaptics (from `../../node_modules/@capacitor/haptics`)"
  - "CapacitorKeyboard (from `../../node_modules/@capacitor/keyboard`)"
  - "CapacitorStatusBar (from `../../node_modules/@capacitor/status-bar`)"
  - CordovaPlugins (from `../capacitor-cordova-ios-plugins`)

SPEC REPOS:
  trunk:
    - AdjustSignature

EXTERNAL SOURCES:
  Adjust:
    :path: "../../../ext/ios/sdk"
  Capacitor:
    :path: "../../node_modules/@capacitor/ios"
  CapacitorApp:
    :path: "../../node_modules/@capacitor/app"
  CapacitorCordova:
    :path: "../../node_modules/@capacitor/ios"
  CapacitorHaptics:
    :path: "../../node_modules/@capacitor/haptics"
  CapacitorKeyboard:
    :path: "../../node_modules/@capacitor/keyboard"
  CapacitorStatusBar:
    :path: "../../node_modules/@capacitor/status-bar"
  CordovaPlugins:
    :path: "../capacitor-cordova-ios-plugins"

SPEC CHECKSUMS:
  Adjust: 36080ea0b8fcc57752cae87525bb140f269adcbb
  AdjustSignature: 2185aff42830b87214d84bee45da09c65129c12c
  Capacitor: 543dcc8159d8e4bdbd0e6923df919f056990836e
  CapacitorApp: 3bef09d0bbb9698fd1766398499f306647156bbf
  CapacitorCordova: 931b48fcdbc9bc985fc2f16cec9f77c794a27729
  CapacitorHaptics: c56885bd07919be808b38db507507919ce4d1b09
  CapacitorKeyboard: 7998987a2d8719967f0fec2508ea13244b7630b7
  CapacitorStatusBar: f7e05ad7e5fb1a1cdacd2f0b55d488550ca07c41
  CordovaPlugins: 76d08dd24c2c63bdbe8f17d37fd8d80c7e001694

PODFILE CHECKSUM: bf4e885329901df5fcfc5f153f9d561a06aa3bf6

COCOAPODS: 1.16.2
